
Microsoft Visual Studio Solution File, Format Version 12.00
# Visual Studio Version 17
VisualStudioVersion = 17.11.35327.3
MinimumVisualStudioVersion = 10.0.40219.1
Project("{9A19103F-16F7-4668-BE54-9A1E7A4F7556}") = "ProjektSklepElektronika", "ProjektSklepElektronika.csproj", "{B049E5EE-F7D9-4F43-BC38-BEDC2DD78D1B}"
EndProject
Project("{FAE04EC0-301F-11D3-BF4B-00C04F79EFBC}") = "ProjektTests", "..\ProjektTests\ProjektTests.csproj", "{9B33EB73-001E-4BD4-9032-00B48B282E7D}"
EndProject
Global
	GlobalSection(SolutionConfigurationPlatforms) = preSolution
		Debug|Any CPU = Debug|Any CPU
		Release|Any CPU = Release|Any CPU
	EndGlobalSection
	GlobalSection(ProjectConfigurationPlatforms) = postSolution
		{B049E5EE-F7D9-4F43-BC38-BEDC2DD78D1B}.Debug|Any CPU.ActiveCfg = Debug|Any CPU
		{B049E5EE-F7D9-4F43-BC38-BEDC2DD78D1B}.Debug|Any CPU.Build.0 = Debug|Any CPU
		{B049E5EE-F7D9-4F43-BC38-BEDC2DD78D1B}.Release|Any CPU.ActiveCfg = Release|Any CPU
		{B049E5EE-F7D9-4F43-BC38-BEDC2DD78D1B}.Release|Any CPU.Build.0 = Release|Any CPU
		{9B33EB73-001E-4BD4-9032-00B48B282E7D}.Debug|Any CPU.ActiveCfg = Debug|Any CPU
		{9B33EB73-001E-4BD4-9032-00B48B282E7D}.Debug|Any CPU.Build.0 = Debug|Any CPU
		{9B33EB73-001E-4BD4-9032-00B48B282E7D}.Release|Any CPU.ActiveCfg = Release|Any CPU
		{9B33EB73-001E-4BD4-9032-00B48B282E7D}.Release|Any CPU.Build.0 = Release|Any CPU
	EndGlobalSection
	GlobalSection(SolutionProperties) = preSolution
		HideSolutionNode = FALSE
	EndGlobalSection
	GlobalSection(ExtensibilityGlobals) = postSolution
		SolutionGuid = {6E6BD25D-28E7-42A5-844B-7177ED8DA8B8}
	EndGlobalSection
EndGlobal
